// !$*UTF8*$!
{
	archiveVersion = 1;
	classes = {
	};
	objectVersion = 77;
	objects = {

/* Begin PBXContainerItemProxy section */
		92D2D1002E57F12100987919 /* PBXContainerItemProxy */ = {
			isa = PBXContainerItemProxy;
			containerPortal = 92D2D0E72E57F12000987919 /* Project object */;
			proxyType = 1;
			remoteGlobalIDString = 92D2D0EE2E57F12000987919;
			remoteInfo = CampusConnect_IOS;
		};
		92D2D10A2E57F12100987919 /* PBXContainerItemProxy */ = {
			isa = PBXContainerItemProxy;
			containerPortal = 92D2D0E72E57F12000987919 /* Project object */;
			proxyType = 1;
			remoteGlobalIDString = 92D2D0EE2E57F12000987919;
			remoteInfo = CampusConnect_IOS;
		};
/* End PBXContainerItemProxy section */

/* Begin PBXFileReference section */
		92D2D0EF2E57F12000987919 /* CampusKinect_IOS.app */ = {isa = PBXFileReference; explicitFileType = wrapper.application; includeInIndex = 0; path = CampusKinect_IOS.app; sourceTree = BUILT_PRODUCTS_DIR; };
		92D2D0FF2E57F12100987919 /* CampusKinect_IOSTests.xctest */ = {isa = PBXFileReference; explicitFileType = wrapper.cfbundle; includeInIndex = 0; path = CampusKinect_IOSTests.xctest; sourceTree = BUILT_PRODUCTS_DIR; };
		92D2D1092E57F12100987919 /* CampusKinect_IOSUITests.xctest */ = {isa = PBXFileReference; explicitFileType = wrapper.cfbundle; includeInIndex = 0; path = CampusKinect_IOSUITests.xctest; sourceTree = BUILT_PRODUCTS_DIR; };
/* End PBXFileReference section */

/* Begin PBXFileSystemSynchronizedBuildFileExceptionSet section */
		92E58B792E7663AC005A4E4A /* Exceptions for "CampusKinect_IOS" folder in "CampusKinect_IOSUITests" target */ = {
			isa = PBXFileSystemSynchronizedBuildFileExceptionSet;
			membershipExceptions = (
				Resources/Assets.xcassets,
			);
			target = 92D2D1082E57F12100987919 /* CampusKinect_IOSUITests */;
		};
		92E58B992E7672AA005A4E4A /* Exceptions for "CampusKinect_IOS" folder in "CampusKinect_IOS" target */ = {
			isa = PBXFileSystemSynchronizedBuildFileExceptionSet;
			membershipExceptions = (
				"Supporting Files/CampusKinect_IOS.entitlements",
			);
			target = 92D2D0EE2E57F12000987919 /* CampusKinect_IOS */;
		};
/* End PBXFileSystemSynchronizedBuildFileExceptionSet section */

/* Begin PBXFileSystemSynchronizedGroupBuildPhaseMembershipExceptionSet section */
		92E58B9A2E7672AA005A4E4A /* Exceptions for "CampusKinect_IOS" folder in "Compile Sources" phase from "CampusKinect_IOS" target */ = {
			isa = PBXFileSystemSynchronizedGroupBuildPhaseMembershipExceptionSet;
			buildPhase = 92D2D0EB2E57F12000987919 /* Sources */;
			membershipExceptions = (
			);
		};
/* End PBXFileSystemSynchronizedGroupBuildPhaseMembershipExceptionSet section */

/* Begin PBXFileSystemSynchronizedRootGroup section */
		92D2D0F12E57F12000987919 /* CampusKinect_IOS */ = {
			isa = PBXFileSystemSynchronizedRootGroup;
			exceptions = (
				92E58B992E7672AA005A4E4A /* Exceptions for "CampusKinect_IOS" folder in "CampusKinect_IOS" target */,
				92E58B9A2E7672AA005A4E4A /* Exceptions for "CampusKinect_IOS" folder in "Compile Sources" phase from "CampusKinect_IOS" target */,
				92E58B792E7663AC005A4E4A /* Exceptions for "CampusKinect_IOS" folder in "CampusKinect_IOSUITests" target */,
			);
			explicitFileTypes = {

				"Supporting Files/CampusKinect_IOS.entitlements" = text.xml;
				"Supporting Files/Configuration/Debug.xcconfig" = text;
				"Supporting Files/Configuration/Release.xcconfig" = text;
				"Supporting Files/Configuration/Shared.xcconfig" = text;
				"Supporting Files/LaunchScreen.storyboard" = text.xml;
			};
			path = CampusKinect_IOS;
			sourceTree = "<group>";
		};
		92D2D1022E57F12100987919 /* CampusKinect_IOSTests */ = {
			isa = PBXFileSystemSynchronizedRootGroup;
			path = CampusKinect_IOSTests;
			sourceTree = "<group>";
		};
		92D2D10C2E57F12100987919 /* CampusKinect_IOSUITests */ = {
			isa = PBXFileSystemSynchronizedRootGroup;
			path = CampusKinect_IOSUITests;
			sourceTree = "<group>";
		};
		92E589152E74CBDB005A4E4A /* Frameworks */ = {
			isa = PBXFileSystemSynchronizedRootGroup;
			path = Frameworks;
			sourceTree = "<group>";
		};
/* End PBXFileSystemSynchronizedRootGroup section */

/* Begin PBXFrameworksBuildPhase section */
		92D2D0EC2E57F12000987919 /* Frameworks */ = {
			isa = PBXFrameworksBuildPhase;
			buildActionMask = 2147483647;
			files = (
			);
			runOnlyForDeploymentPostprocessing = 0;
		};
		92D2D0FC2E57F12100987919 /* Frameworks */ = {
			isa = PBXFrameworksBuildPhase;
			buildActionMask = 2147483647;
			files = (
			);
			runOnlyForDeploymentPostprocessing = 0;
		};
		92D2D1062E57F12100987919 /* Frameworks */ = {
			isa = PBXFrameworksBuildPhase;
			buildActionMask = 2147483647;
			files = (
			);
			runOnlyForDeploymentPostprocessing = 0;
		};
/* End PBXFrameworksBuildPhase section */

/* Begin PBXGroup section */
		92D2D0E62E57F12000987919 = {
			isa = PBXGroup;
			children = (
				92D2D0F12E57F12000987919 /* CampusKinect_IOS */,
				92D2D1022E57F12100987919 /* CampusKinect_IOSTests */,
				92D2D10C2E57F12100987919 /* CampusKinect_IOSUITests */,
				92E589152E74CBDB005A4E4A /* Frameworks */,
				92D2D0F02E57F12000987919 /* Products */,
			);
			sourceTree = "<group>";
		};
		92D2D0F02E57F12000987919 /* Products */ = {
			isa = PBXGroup;
			children = (
				92D2D0EF2E57F12000987919 /* CampusKinect_IOS.app */,
				92D2D0FF2E57F12100987919 /* CampusKinect_IOSTests.xctest */,
				92D2D1092E57F12100987919 /* CampusKinect_IOSUITests.xctest */,
			);
			name = Products;
			sourceTree = "<group>";
		};
/* End PBXGroup section */

/* Begin PBXNativeTarget section */
		92D2D0EE2E57F12000987919 /* CampusKinect_IOS */ = {
			isa = PBXNativeTarget;
			buildConfigurationList = 92D2D1132E57F12100987919 /* Build configuration list for PBXNativeTarget "CampusKinect_IOS" */;
			buildPhases = (
				92D2D0EB2E57F12000987919 /* Sources */,
				92D2D0EC2E57F12000987919 /* Frameworks */,
				92D2D0ED2E57F12000987919 /* Resources */,
			);
			buildRules = (
			);
			dependencies = (
			);
			fileSystemSynchronizedGroups = (
				92D2D0F12E57F12000987919 /* CampusKinect_IOS */,
			);
			name = CampusKinect_IOS;
			packageProductDependencies = (
			);
			productName = CampusConnect_IOS;
			productReference = 92D2D0EF2E57F12000987919 /* CampusKinect_IOS.app */;
			productType = "com.apple.product-type.application";
		};
		92D2D0FE2E57F12100987919 /* CampusKinect_IOSTests */ = {
			isa = PBXNativeTarget;
			buildConfigurationList = 92D2D1162E57F12100987919 /* Build configuration list for PBXNativeTarget "CampusKinect_IOSTests" */;
			buildPhases = (
				92D2D0FB2E57F12100987919 /* Sources */,
				92D2D0FC2E57F12100987919 /* Frameworks */,
				92D2D0FD2E57F12100987919 /* Resources */,
			);
			buildRules = (
			);
			dependencies = (
				92D2D1012E57F12100987919 /* PBXTargetDependency */,
			);
			fileSystemSynchronizedGroups = (
				92D2D1022E57F12100987919 /* CampusKinect_IOSTests */,
			);
			name = CampusKinect_IOSTests;
			packageProductDependencies = (
			);
			productName = CampusConnect_IOSTests;
			productReference = 92D2D0FF2E57F12100987919 /* CampusKinect_IOSTests.xctest */;
			productType = "com.apple.product-type.bundle.unit-test";
		};
		92D2D1082E57F12100987919 /* CampusKinect_IOSUITests */ = {
			isa = PBXNativeTarget;
			buildConfigurationList = 92D2D1192E57F12100987919 /* Build configuration list for PBXNativeTarget "CampusKinect_IOSUITests" */;
			buildPhases = (
				92D2D1052E57F12100987919 /* Sources */,
				92D2D1062E57F12100987919 /* Frameworks */,
				92D2D1072E57F12100987919 /* Resources */,
			);
			buildRules = (
			);
			dependencies = (
				92D2D10B2E57F12100987919 /* PBXTargetDependency */,
			);
			fileSystemSynchronizedGroups = (
				92D2D10C2E57F12100987919 /* CampusKinect_IOSUITests */,
				92E589152E74CBDB005A4E4A /* Frameworks */,
			);
			name = CampusKinect_IOSUITests;
			packageProductDependencies = (
			);
			productName = CampusConnect_IOSUITests;
			productReference = 92D2D1092E57F12100987919 /* CampusKinect_IOSUITests.xctest */;
			productType = "com.apple.product-type.bundle.ui-testing";
		};
/* End PBXNativeTarget section */

/* Begin PBXProject section */
		92D2D0E72E57F12000987919 /* Project object */ = {
			isa = PBXProject;
			attributes = {
				BuildIndependentTargetsInParallel = 1;
				LastSwiftUpdateCheck = 1640;
				LastUpgradeCheck = 1640;
				TargetAttributes = {
					92D2D0EE2E57F12000987919 = {
						CreatedOnToolsVersion = 16.4;
					};
					92D2D0FE2E57F12100987919 = {
						CreatedOnToolsVersion = 16.4;
						LastSwiftMigration = 1640;
						TestTargetID = 92D2D0EE2E57F12000987919;
					};
					92D2D1082E57F12100987919 = {
						CreatedOnToolsVersion = 16.4;
						TestTargetID = 92D2D0EE2E57F12000987919;
					};
				};
			};
			buildConfigurationList = 92D2D0EA2E57F12000987919 /* Build configuration list for PBXProject "CampusKinect_IOS" */;
			developmentRegion = en;
			hasScannedForEncodings = 0;
			knownRegions = (
				en,
				Base,
			);
			mainGroup = 92D2D0E62E57F12000987919;
			minimizedProjectReferenceProxies = 1;
			packageReferences = (
				92E58BBC2E767F68005A4E4A /* XCRemoteSwiftPackageReference "Alamofire" */,
				92E58BBD2E767F9B005A4E4A /* XCRemoteSwiftPackageReference "SDWebImage" */,
				92E58BBE2E767FCF005A4E4A /* XCRemoteSwiftPackageReference "firebase-ios-sdk" */,
				92E58BBF2E767FF2005A4E4A /* XCRemoteSwiftPackageReference "lottie-ios" */,
			);
			preferredProjectObjectVersion = 77;
			productRefGroup = 92D2D0F02E57F12000987919 /* Products */;
			projectDirPath = "";
			projectRoot = "";
			targets = (
				92D2D0EE2E57F12000987919 /* CampusKinect_IOS */,
				92D2D0FE2E57F12100987919 /* CampusKinect_IOSTests */,
				92D2D1082E57F12100987919 /* CampusKinect_IOSUITests */,
			);
		};
/* End PBXProject section */

/* Begin PBXResourcesBuildPhase section */
		92D2D0ED2E57F12000987919 /* Resources */ = {
			isa = PBXResourcesBuildPhase;
			buildActionMask = 2147483647;
			files = (
			);
			runOnlyForDeploymentPostprocessing = 0;
		};
		92D2D0FD2E57F12100987919 /* Resources */ = {
			isa = PBXResourcesBuildPhase;
			buildActionMask = 2147483647;
			files = (
			);
			runOnlyForDeploymentPostprocessing = 0;
		};
		92D2D1072E57F12100987919 /* Resources */ = {
			isa = PBXResourcesBuildPhase;
			buildActionMask = 2147483647;
			files = (
			);
			runOnlyForDeploymentPostprocessing = 0;
		};
/* End PBXResourcesBuildPhase section */

/* Begin PBXSourcesBuildPhase section */
		92D2D0EB2E57F12000987919 /* Sources */ = {
			isa = PBXSourcesBuildPhase;
			buildActionMask = 2147483647;
			files = (
			);
			runOnlyForDeploymentPostprocessing = 0;
		};
		92D2D0FB2E57F12100987919 /* Sources */ = {
			isa = PBXSourcesBuildPhase;
			buildActionMask = 2147483647;
			files = (
			);
			runOnlyForDeploymentPostprocessing = 0;
		};
		92D2D1052E57F12100987919 /* Sources */ = {
			isa = PBXSourcesBuildPhase;
			buildActionMask = 2147483647;
			files = (
			);
			runOnlyForDeploymentPostprocessing = 0;
		};
/* End PBXSourcesBuildPhase section */

/* Begin PBXTargetDependency section */
		92D2D1012E57F12100987919 /* PBXTargetDependency */ = {
			isa = PBXTargetDependency;
			target = 92D2D0EE2E57F12000987919 /* CampusKinect_IOS */;
			targetProxy = 92D2D1002E57F12100987919 /* PBXContainerItemProxy */;
		};
		92D2D10B2E57F12100987919 /* PBXTargetDependency */ = {
			isa = PBXTargetDependency;
			target = 92D2D0EE2E57F12000987919 /* CampusKinect_IOS */;
			targetProxy = 92D2D10A2E57F12100987919 /* PBXContainerItemProxy */;
		};
/* End PBXTargetDependency section */

/* Begin XCBuildConfiguration section */
		92D2D1112E57F12100987919 /* Debug */ = {
			isa = XCBuildConfiguration;
			buildSettings = {
				ALWAYS_SEARCH_USER_PATHS = NO;
				ASSETCATALOG_COMPILER_GENERATE_SWIFT_ASSET_SYMBOL_EXTENSIONS = YES;
				CLANG_ANALYZER_NONNULL = YES;
				CLANG_ANALYZER_NUMBER_OBJECT_CONVERSION = YES_AGGRESSIVE;
				CLANG_CXX_LANGUAGE_STANDARD = "gnu++20";
				CLANG_ENABLE_MODULES = YES;
				CLANG_ENABLE_OBJC_ARC = YES;
				CLANG_ENABLE_OBJC_WEAK = YES;
				CLANG_WARN_BLOCK_CAPTURE_AUTORELEASING = YES;
				CLANG_WARN_BOOL_CONVERSION = YES;
				CLANG_WARN_COMMA = YES;
				CLANG_WARN_CONSTANT_CONVERSION = YES;
				CLANG_WARN_DEPRECATED_OBJC_IMPLEMENTATIONS = YES;
				CLANG_WARN_DIRECT_OBJC_ISA_USAGE = YES_ERROR;
				CLANG_WARN_DOCUMENTATION_COMMENTS = YES;
				CLANG_WARN_EMPTY_BODY = YES;
				CLANG_WARN_ENUM_CONVERSION = YES;
				CLANG_WARN_INFINITE_RECURSION = YES;
				CLANG_WARN_INT_CONVERSION = YES;
				CLANG_WARN_NON_LITERAL_NULL_CONVERSION = YES;
				CLANG_WARN_OBJC_IMPLICIT_RETAIN_SELF = YES;
				CLANG_WARN_OBJC_LITERAL_CONVERSION = YES;
				CLANG_WARN_OBJC_ROOT_CLASS = YES_ERROR;
				CLANG_WARN_QUOTED_INCLUDE_IN_FRAMEWORK_HEADER = YES;
				CLANG_WARN_RANGE_LOOP_ANALYSIS = YES;
				CLANG_WARN_STRICT_PROTOTYPES = YES;
				CLANG_WARN_SUSPICIOUS_MOVE = YES;
				CLANG_WARN_UNGUARDED_AVAILABILITY = YES_AGGRESSIVE;
				CLANG_WARN_UNREACHABLE_CODE = YES;
				CLANG_WARN__DUPLICATE_METHOD_MATCH = YES;
				COPY_PHASE_STRIP = NO;
				DEBUG_INFORMATION_FORMAT = dwarf;
				DEVELOPMENT_TEAM = 2MAGWNY7VS;
				ENABLE_STRICT_OBJC_MSGSEND = YES;
				ENABLE_TESTABILITY = YES;
				ENABLE_USER_SCRIPT_SANDBOXING = YES;
				GCC_C_LANGUAGE_STANDARD = gnu17;
				GCC_DYNAMIC_NO_PIC = NO;
				GCC_NO_COMMON_BLOCKS = YES;
				GCC_OPTIMIZATION_LEVEL = 0;
				GCC_PREPROCESSOR_DEFINITIONS = (
					"DEBUG=1",
					"$(inherited)",
				);
				GCC_WARN_64_TO_32_BIT_CONVERSION = YES;
				GCC_WARN_ABOUT_RETURN_TYPE = YES_ERROR;
				GCC_WARN_UNDECLARED_SELECTOR = YES;
				GCC_WARN_UNINITIALIZED_AUTOS = YES_AGGRESSIVE;
				GCC_WARN_UNUSED_FUNCTION = YES;
				GCC_WARN_UNUSED_VARIABLE = YES;
				LOCALIZATION_PREFERS_STRING_CATALOGS = YES;
				MTL_ENABLE_DEBUG_INFO = INCLUDE_SOURCE;
				MTL_FAST_MATH = YES;
				ONLY_ACTIVE_ARCH = YES;
				SWIFT_ACTIVE_COMPILATION_CONDITIONS = "DEBUG $(inherited)";
				SWIFT_OPTIMIZATION_LEVEL = "-Onone";
			};
			name = Debug;
		};
		92D2D1122E57F12100987919 /* Release */ = {
			isa = XCBuildConfiguration;
			buildSettings = {
				ALWAYS_SEARCH_USER_PATHS = NO;
				ASSETCATALOG_COMPILER_GENERATE_SWIFT_ASSET_SYMBOL_EXTENSIONS = YES;
				CLANG_ANALYZER_NONNULL = YES;
				CLANG_ANALYZER_NUMBER_OBJECT_CONVERSION = YES_AGGRESSIVE;
				CLANG_CXX_LANGUAGE_STANDARD = "gnu++20";
				CLANG_ENABLE_MODULES = YES;
				CLANG_ENABLE_OBJC_ARC = YES;
				CLANG_ENABLE_OBJC_WEAK = YES;
				CLANG_WARN_BLOCK_CAPTURE_AUTORELEASING = YES;
				CLANG_WARN_BOOL_CONVERSION = YES;
				CLANG_WARN_COMMA = YES;
				CLANG_WARN_CONSTANT_CONVERSION = YES;
				CLANG_WARN_DEPRECATED_OBJC_IMPLEMENTATIONS = YES;
				CLANG_WARN_DIRECT_OBJC_ISA_USAGE = YES_ERROR;
				CLANG_WARN_DOCUMENTATION_COMMENTS = YES;
				CLANG_WARN_EMPTY_BODY = YES;
				CLANG_WARN_ENUM_CONVERSION = YES;
				CLANG_WARN_INFINITE_RECURSION = YES;
				CLANG_WARN_INT_CONVERSION = YES;
				CLANG_WARN_NON_LITERAL_NULL_CONVERSION = YES;
				CLANG_WARN_OBJC_IMPLICIT_RETAIN_SELF = YES;
				CLANG_WARN_OBJC_LITERAL_CONVERSION = YES;
				CLANG_WARN_OBJC_ROOT_CLASS = YES_ERROR;
				CLANG_WARN_QUOTED_INCLUDE_IN_FRAMEWORK_HEADER = YES;
				CLANG_WARN_RANGE_LOOP_ANALYSIS = YES;
				CLANG_WARN_STRICT_PROTOTYPES = YES;
				CLANG_WARN_SUSPICIOUS_MOVE = YES;
				CLANG_WARN_UNGUARDED_AVAILABILITY = YES_AGGRESSIVE;
				CLANG_WARN_UNREACHABLE_CODE = YES;
				CLANG_WARN__DUPLICATE_METHOD_MATCH = YES;
				COPY_PHASE_STRIP = NO;
				DEBUG_INFORMATION_FORMAT = "dwarf-with-dsym";
				DEVELOPMENT_TEAM = 2MAGWNY7VS;
				ENABLE_NS_ASSERTIONS = NO;
				ENABLE_STRICT_OBJC_MSGSEND = YES;
				ENABLE_USER_SCRIPT_SANDBOXING = YES;
				GCC_C_LANGUAGE_STANDARD = gnu17;
				GCC_NO_COMMON_BLOCKS = YES;
				GCC_WARN_64_TO_32_BIT_CONVERSION = YES;
				GCC_WARN_ABOUT_RETURN_TYPE = YES_ERROR;
				GCC_WARN_UNDECLARED_SELECTOR = YES;
				GCC_WARN_UNINITIALIZED_AUTOS = YES_AGGRESSIVE;
				GCC_WARN_UNUSED_FUNCTION = YES;
				GCC_WARN_UNUSED_VARIABLE = YES;
				LOCALIZATION_PREFERS_STRING_CATALOGS = YES;
				MTL_ENABLE_DEBUG_INFO = NO;
				MTL_FAST_MATH = YES;
				SWIFT_COMPILATION_MODE = wholemodule;
			};
			name = Release;
		};
		92D2D1142E57F12100987919 /* Debug */ = {
			isa = XCBuildConfiguration;
			buildSettings = {
				ASSETCATALOG_COMPILER_APPICON_NAME = AppIcon;
				ASSETCATALOG_COMPILER_GLOBAL_ACCENT_COLOR_NAME = AccentColor;
				CODE_SIGN_ENTITLEMENTS = "CampusKinect_IOS/Supporting Files/CampusKinect_IOS.entitlements";
				CODE_SIGN_STYLE = Automatic;
				CURRENT_PROJECT_VERSION = 1;
				DEVELOPMENT_TEAM = 2MAGWNY7VS;
				ENABLE_HARDENED_RUNTIME = YES;
				ENABLE_PREVIEWS = YES;
				GENERATE_INFOPLIST_FILE = YES;
				"INFOPLIST_KEY_UIApplicationSceneManifest_Generation[sdk=iphoneos*]" = YES;
				"INFOPLIST_KEY_UIApplicationSceneManifest_Generation[sdk=iphonesimulator*]" = YES;
				"INFOPLIST_KEY_UIApplicationSupportsIndirectInputEvents[sdk=iphoneos*]" = YES;
				"INFOPLIST_KEY_UIApplicationSupportsIndirectInputEvents[sdk=iphonesimulator*]" = YES;
				"INFOPLIST_KEY_UILaunchScreen_Generation[sdk=iphoneos*]" = YES;
				"INFOPLIST_KEY_UILaunchScreen_Generation[sdk=iphonesimulator*]" = YES;
				"INFOPLIST_KEY_UIStatusBarStyle[sdk=iphoneos*]" = UIStatusBarStyleDefault;
				"INFOPLIST_KEY_UIStatusBarStyle[sdk=iphonesimulator*]" = UIStatusBarStyleDefault;
				"INFOPLIST_KEY_UISupportedInterfaceOrientations_iPad[sdk=iphoneos*]" = "UIInterfaceOrientationPortrait UIInterfaceOrientationPortraitUpsideDown UIInterfaceOrientationLandscapeLeft UIInterfaceOrientationLandscapeRight";
				"INFOPLIST_KEY_UISupportedInterfaceOrientations_iPhone[sdk=iphoneos*]" = "UIInterfaceOrientationPortrait UIInterfaceOrientationLandscapeLeft UIInterfaceOrientationLandscapeRight";
				IPHONEOS_DEPLOYMENT_TARGET = 18.0;
				LD_RUNPATH_SEARCH_PATHS = "@executable_path/Frameworks";
				"LD_RUNPATH_SEARCH_PATHS[sdk=macosx*]" = "@executable_path/../Frameworks";
				MACOSX_DEPLOYMENT_TARGET = 15.0;
				MARKETING_VERSION = 1.0;
				PRODUCT_BUNDLE_IDENTIFIER = "com.liammckeown.CampusKinect-IOS";
				PRODUCT_NAME = "$(TARGET_NAME)";
				SDKROOT = auto;
				SUPPORTED_PLATFORMS = "iphoneos iphonesimulator macosx xros xrsimulator";
				SWIFT_EMIT_LOC_STRINGS = YES;
				SWIFT_VERSION = 5.0;
				TARGETED_DEVICE_FAMILY = "1,2,7";
				XROS_DEPLOYMENT_TARGET = 2.0;
			};
			name = Debug;
		};
		92D2D1152E57F12100987919 /* Release */ = {
			isa = XCBuildConfiguration;
			buildSettings = {
				ASSETCATALOG_COMPILER_APPICON_NAME = AppIcon;
				ASSETCATALOG_COMPILER_GLOBAL_ACCENT_COLOR_NAME = AccentColor;
				CODE_SIGN_ENTITLEMENTS = "CampusKinect_IOS/Supporting Files/CampusKinect_IOS.entitlements";
				CODE_SIGN_STYLE = Automatic;
				CURRENT_PROJECT_VERSION = 1;
				DEVELOPMENT_TEAM = 2MAGWNY7VS;
				ENABLE_HARDENED_RUNTIME = YES;
				ENABLE_PREVIEWS = YES;
				GENERATE_INFOPLIST_FILE = YES;
				"INFOPLIST_KEY_UIApplicationSceneManifest_Generation[sdk=iphoneos*]" = YES;
				"INFOPLIST_KEY_UIApplicationSceneManifest_Generation[sdk=iphonesimulator*]" = YES;
				"INFOPLIST_KEY_UIApplicationSupportsIndirectInputEvents[sdk=iphoneos*]" = YES;
				"INFOPLIST_KEY_UIApplicationSupportsIndirectInputEvents[sdk=iphonesimulator*]" = YES;
				"INFOPLIST_KEY_UILaunchScreen_Generation[sdk=iphoneos*]" = YES;
				"INFOPLIST_KEY_UILaunchScreen_Generation[sdk=iphonesimulator*]" = YES;
				"INFOPLIST_KEY_UIStatusBarStyle[sdk=iphoneos*]" = UIStatusBarStyleDefault;
				"INFOPLIST_KEY_UIStatusBarStyle[sdk=iphonesimulator*]" = UIStatusBarStyleDefault;
				INFOPLIST_KEY_UISupportedInterfaceOrientations_iPad = "UIInterfaceOrientationPortrait UIInterfaceOrientationPortraitUpsideDown UIInterfaceOrientationLandscapeLeft UIInterfaceOrientationLandscapeRight";
				INFOPLIST_KEY_UISupportedInterfaceOrientations_iPhone = "UIInterfaceOrientationPortrait UIInterfaceOrientationLandscapeLeft UIInterfaceOrientationLandscapeRight";
				IPHONEOS_DEPLOYMENT_TARGET = 18.5;
				LD_RUNPATH_SEARCH_PATHS = "@executable_path/Frameworks";
				"LD_RUNPATH_SEARCH_PATHS[sdk=macosx*]" = "@executable_path/../Frameworks";
				MACOSX_DEPLOYMENT_TARGET = 14.0;
				MARKETING_VERSION = 1.0;
				PRODUCT_BUNDLE_IDENTIFIER = "com.liammckeown.CampusKinect-IOS";
				PRODUCT_NAME = "$(TARGET_NAME)";
				REGISTER_APP_GROUPS = YES;
				SDKROOT = auto;
				SUPPORTED_PLATFORMS = "iphoneos iphonesimulator macosx xros xrsimulator";
				SWIFT_EMIT_LOC_STRINGS = YES;
				SWIFT_VERSION = 5.0;
				TARGETED_DEVICE_FAMILY = "1,2,7";
				XROS_DEPLOYMENT_TARGET = 2.5;
			};
			name = Release;
		};
		92D2D1172E57F12100987919 /* Debug */ = {
			isa = XCBuildConfiguration;
			buildSettings = {
				BUNDLE_LOADER = "$(TEST_HOST)";
				CLANG_ENABLE_MODULES = YES;
				CODE_SIGN_STYLE = Automatic;
				CURRENT_PROJECT_VERSION = 1;
				DEVELOPMENT_TEAM = 2MAGWNY7VS;
				GENERATE_INFOPLIST_FILE = YES;
				IPHONEOS_DEPLOYMENT_TARGET = 18.5;
				MACOSX_DEPLOYMENT_TARGET = 15.5;
				MARKETING_VERSION = 1.0;
				PRODUCT_BUNDLE_IDENTIFIER = "Liam.CampusConnect-IOSTests";
				PRODUCT_NAME = "$(TARGET_NAME)";
				SDKROOT = auto;
				SUPPORTED_PLATFORMS = "iphoneos iphonesimulator macosx xros xrsimulator";
				SWIFT_EMIT_LOC_STRINGS = NO;
				SWIFT_OPTIMIZATION_LEVEL = "-Onone";
				SWIFT_VERSION = 5.0;
				TARGETED_DEVICE_FAMILY = "1,2,7";
				TEST_HOST = "$(BUILT_PRODUCTS_DIR)/CampusKinect_IOS.app/$(BUNDLE_EXECUTABLE_FOLDER_PATH)/CampusKinect_IOS";
				XROS_DEPLOYMENT_TARGET = 2.5;
			};
			name = Debug;
		};
		92D2D1182E57F12100987919 /* Release */ = {
			isa = XCBuildConfiguration;
			buildSettings = {
				BUNDLE_LOADER = "$(TEST_HOST)";
				CLANG_ENABLE_MODULES = YES;
				CODE_SIGN_STYLE = Automatic;
				CURRENT_PROJECT_VERSION = 1;
				DEVELOPMENT_TEAM = 2MAGWNY7VS;
				GENERATE_INFOPLIST_FILE = YES;
				IPHONEOS_DEPLOYMENT_TARGET = 18.5;
				MACOSX_DEPLOYMENT_TARGET = 15.5;
				MARKETING_VERSION = 1.0;
				PRODUCT_BUNDLE_IDENTIFIER = "Liam.CampusConnect-IOSTests";
				PRODUCT_NAME = "$(TARGET_NAME)";
				SDKROOT = auto;
				SUPPORTED_PLATFORMS = "iphoneos iphonesimulator macosx xros xrsimulator";
				SWIFT_EMIT_LOC_STRINGS = NO;
				SWIFT_VERSION = 5.0;
				TARGETED_DEVICE_FAMILY = "1,2,7";
				TEST_HOST = "$(BUILT_PRODUCTS_DIR)/CampusKinect_IOS.app/$(BUNDLE_EXECUTABLE_FOLDER_PATH)/CampusKinect_IOS";
				XROS_DEPLOYMENT_TARGET = 2.5;
			};
			name = Release;
		};
		92D2D11A2E57F12100987919 /* Debug */ = {
			isa = XCBuildConfiguration;
			buildSettings = {
				CODE_SIGN_STYLE = Automatic;
				CURRENT_PROJECT_VERSION = 1;
				DEVELOPMENT_TEAM = 2MAGWNY7VS;
				GENERATE_INFOPLIST_FILE = YES;
				IPHONEOS_DEPLOYMENT_TARGET = 18.5;
				MACOSX_DEPLOYMENT_TARGET = 15.5;
				MARKETING_VERSION = 1.0;
				PRODUCT_BUNDLE_IDENTIFIER = "Liam.CampusConnect-IOSUITests";
				PRODUCT_NAME = "$(TARGET_NAME)";
				SDKROOT = auto;
				SUPPORTED_PLATFORMS = "iphoneos iphonesimulator macosx xros xrsimulator";
				SWIFT_EMIT_LOC_STRINGS = NO;
				SWIFT_VERSION = 5.0;
				TARGETED_DEVICE_FAMILY = "1,2,7";
				TEST_TARGET_NAME = CampusConnect_IOS;
				XROS_DEPLOYMENT_TARGET = 2.5;
			};
			name = Debug;
		};
		92D2D11B2E57F12100987919 /* Release */ = {
			isa = XCBuildConfiguration;
			buildSettings = {
				CODE_SIGN_STYLE = Automatic;
				CURRENT_PROJECT_VERSION = 1;
				DEVELOPMENT_TEAM = 2MAGWNY7VS;
				GENERATE_INFOPLIST_FILE = YES;
				IPHONEOS_DEPLOYMENT_TARGET = 18.5;
				MACOSX_DEPLOYMENT_TARGET = 15.5;
				MARKETING_VERSION = 1.0;
				PRODUCT_BUNDLE_IDENTIFIER = "Liam.CampusConnect-IOSUITests";
				PRODUCT_NAME = "$(TARGET_NAME)";
				SDKROOT = auto;
				SUPPORTED_PLATFORMS = "iphoneos iphonesimulator macosx xros xrsimulator";
				SWIFT_EMIT_LOC_STRINGS = NO;
				SWIFT_VERSION = 5.0;
				TARGETED_DEVICE_FAMILY = "1,2,7";
				TEST_TARGET_NAME = CampusConnect_IOS;
				XROS_DEPLOYMENT_TARGET = 2.5;
			};
			name = Release;
		};
/* End XCBuildConfiguration section */

/* Begin XCConfigurationList section */
		92D2D0EA2E57F12000987919 /* Build configuration list for PBXProject "CampusKinect_IOS" */ = {
			isa = XCConfigurationList;
			buildConfigurations = (
				92D2D1112E57F12100987919 /* Debug */,
				92D2D1122E57F12100987919 /* Release */,
			);
			defaultConfigurationIsVisible = 0;
			defaultConfigurationName = Release;
		};
		92D2D1132E57F12100987919 /* Build configuration list for PBXNativeTarget "CampusKinect_IOS" */ = {
			isa = XCConfigurationList;
			buildConfigurations = (
				92D2D1142E57F12100987919 /* Debug */,
				92D2D1152E57F12100987919 /* Release */,
			);
			defaultConfigurationIsVisible = 0;
			defaultConfigurationName = Release;
		};
		92D2D1162E57F12100987919 /* Build configuration list for PBXNativeTarget "CampusKinect_IOSTests" */ = {
			isa = XCConfigurationList;
			buildConfigurations = (
				92D2D1172E57F12100987919 /* Debug */,
				92D2D1182E57F12100987919 /* Release */,
			);
			defaultConfigurationIsVisible = 0;
			defaultConfigurationName = Release;
		};
		92D2D1192E57F12100987919 /* Build configuration list for PBXNativeTarget "CampusKinect_IOSUITests" */ = {
			isa = XCConfigurationList;
			buildConfigurations = (
				92D2D11A2E57F12100987919 /* Debug */,
				92D2D11B2E57F12100987919 /* Release */,
			);
			defaultConfigurationIsVisible = 0;
			defaultConfigurationName = Release;
		};
/* End XCConfigurationList section */

/* Begin XCRemoteSwiftPackageReference section */
		92E58BBC2E767F68005A4E4A /* XCRemoteSwiftPackageReference "Alamofire" */ = {
			isa = XCRemoteSwiftPackageReference;
			repositoryURL = "https://github.com/Alamofire/Alamofire.git";
			requirement = {
				kind = upToNextMajorVersion;
				minimumVersion = 5.10.2;
			};
		};
		92E58BBD2E767F9B005A4E4A /* XCRemoteSwiftPackageReference "SDWebImage" */ = {
			isa = XCRemoteSwiftPackageReference;
			repositoryURL = "https://github.com/SDWebImage/SDWebImage.git";
			requirement = {
				kind = upToNextMajorVersion;
				minimumVersion = 5.21.2;
			};
		};
		92E58BBE2E767FCF005A4E4A /* XCRemoteSwiftPackageReference "firebase-ios-sdk" */ = {
			isa = XCRemoteSwiftPackageReference;
			repositoryURL = "https://github.com/firebase/firebase-ios-sdk.git";
			requirement = {
				kind = upToNextMajorVersion;
				minimumVersion = 12.2.0;
			};
		};
		92E58BBF2E767FF2005A4E4A /* XCRemoteSwiftPackageReference "lottie-ios" */ = {
			isa = XCRemoteSwiftPackageReference;
			repositoryURL = "https://github.com/airbnb/lottie-ios.git";
			requirement = {
				kind = upToNextMajorVersion;
				minimumVersion = 4.5.2;
			};
		};
/* End XCRemoteSwiftPackageReference section */
	};
	rootObject = 92D2D0E72E57F12000987919 /* Project object */;
}
